
Microsoft Visual Studio Solution File, Format Version 12.00
# Visual Studio Version 16
VisualStudioVersion = 16.0.32413.511
MinimumVisualStudioVersion = 10.0.40219.1
Project("{FAE04EC0-301F-11D3-BF4B-00C04F79EFBC}") = "ShoppingListConsoleApp", "ShoppingListConsoleApp\ShoppingListConsoleApp.csproj", "{8632E927-E531-4AD6-959B-E70708AEA69E}"
EndProject
Global
	GlobalSection(SolutionConfigurationPlatforms) = preSolution
		Debug|Any CPU = Debug|Any CPU
		Release|Any CPU = Release|Any CPU
	EndGlobalSection
	GlobalSection(ProjectConfigurationPlatforms) = postSolution
		{8632E927-E531-4AD6-959B-E70708AEA69E}.Debug|Any CPU.ActiveCfg = Debug|Any CPU
		{8632E927-E531-4AD6-959B-E70708AEA69E}.Debug|Any CPU.Build.0 = Debug|Any CPU
		{8632E927-E531-4AD6-959B-E70708AEA69E}.Release|Any CPU.ActiveCfg = Release|Any CPU
		{8632E927-E531-4AD6-959B-E70708AEA69E}.Release|Any CPU.Build.0 = Release|Any CPU
	EndGlobalSection
	GlobalSection(SolutionProperties) = preSolution
		HideSolutionNode = FALSE
	EndGlobalSection
	GlobalSection(ExtensibilityGlobals) = postSolution
		SolutionGuid = {34C7DCAD-4627-4DAD-A709-69759777DEE2}
	EndGlobalSection
EndGlobal
